
Microsoft Visual Studio Solution File, Format Version 12.00
# Visual Studio Version 17
VisualStudioVersion = 17.11.35327.3
MinimumVisualStudioVersion = 10.0.40219.1
Project("{FAE04EC0-301F-11D3-BF4B-00C04F79EFBC}") = "Curso html", "Curso html\Curso html.csproj", "{A5A71E35-47F3-4DE7-91C7-1B4E7DD12128}"
EndProject
Global
	GlobalSection(SolutionConfigurationPlatforms) = preSolution
		Debug|Any CPU = Debug|Any CPU
		Release|Any CPU = Release|Any CPU
	EndGlobalSection
	GlobalSection(ProjectConfigurationPlatforms) = postSolution
		{A5A71E35-47F3-4DE7-91C7-1B4E7DD12128}.Debug|Any CPU.ActiveCfg = Debug|Any CPU
		{A5A71E35-47F3-4DE7-91C7-1B4E7DD12128}.Debug|Any CPU.Build.0 = Debug|Any CPU
		{A5A71E35-47F3-4DE7-91C7-1B4E7DD12128}.Release|Any CPU.ActiveCfg = Release|Any CPU
		{A5A71E35-47F3-4DE7-91C7-1B4E7DD12128}.Release|Any CPU.Build.0 = Release|Any CPU
	EndGlobalSection
	GlobalSection(SolutionProperties) = preSolution
		HideSolutionNode = FALSE
	EndGlobalSection
	GlobalSection(ExtensibilityGlobals) = postSolution
		SolutionGuid = {59D46B42-ED3F-4E48-9FEE-1A7CBF80C45B}
	EndGlobalSection
EndGlobal
